{
  "name": "nvim",
  "version": "1.0.0",
  "lockfileVersion": 3,
  "requires": true,
  "packages": {
    "": {
      "name": "nvim",
      "version": "1.0.0",
      "license": "Apache-2.0",
      "devDependencies": {
        "prettier": "^3.5.3"
      }
    },
    "node_modules/prettier": {
      "version": "3.5.3",
      "resolved": "https://pkgs.dev.azure.com/wowonline/_packaging/Nodejs-Shared/npm/registry/prettier/-/prettier-3.5.3.tgz",
      "integrity": "sha1-T8LODWV+egLmAlSfBTsjnLff4bU=",
      "dev": true,
      "license": "MIT",
      "bin": {
        "prettier": "bin/prettier.cjs"
      },
      "engines": {
        "node": ">=14"
      },
      "funding": {
        "url": "https://github.com/prettier/prettier?sponsor=1"
      }
    }
  }
}
